
Microsoft Visual Studio Solution File, Format Version 12.00
# Visual Studio 2013
VisualStudioVersion = 12.0.21005.1
MinimumVisualStudioVersion = 10.0.40219.1
Project("{FAE04EC0-301F-11D3-BF4B-00C04F79EFBC}") = "pong", "pong\pong.csproj", "{02AAB27D-D6B8-493E-A90C-DB52D83E0B77}"
EndProject
Project("{FAE04EC0-301F-11D3-BF4B-00C04F79EFBC}") = "pong.Tests", "pong.Tests\pong.Tests.csproj", "{0AA12FBF-429F-4544-BA89-CF237175FC3A}"
EndProject
Global
	GlobalSection(SolutionConfigurationPlatforms) = preSolution
		Debug|Any CPU = Debug|Any CPU
		Release|Any CPU = Release|Any CPU
	EndGlobalSection
	GlobalSection(ProjectConfigurationPlatforms) = postSolution
		{02AAB27D-D6B8-493E-A90C-DB52D83E0B77}.Debug|Any CPU.ActiveCfg = Debug|Any CPU
		{02AAB27D-D6B8-493E-A90C-DB52D83E0B77}.Debug|Any CPU.Build.0 = Debug|Any CPU
		{02AAB27D-D6B8-493E-A90C-DB52D83E0B77}.Release|Any CPU.ActiveCfg = Release|Any CPU
		{02AAB27D-D6B8-493E-A90C-DB52D83E0B77}.Release|Any CPU.Build.0 = Release|Any CPU
		{0AA12FBF-429F-4544-BA89-CF237175FC3A}.Debug|Any CPU.ActiveCfg = Debug|Any CPU
		{0AA12FBF-429F-4544-BA89-CF237175FC3A}.Debug|Any CPU.Build.0 = Debug|Any CPU
		{0AA12FBF-429F-4544-BA89-CF237175FC3A}.Release|Any CPU.ActiveCfg = Release|Any CPU
		{0AA12FBF-429F-4544-BA89-CF237175FC3A}.Release|Any CPU.Build.0 = Release|Any CPU
	EndGlobalSection
	GlobalSection(SolutionProperties) = preSolution
		HideSolutionNode = FALSE
	EndGlobalSection
EndGlobal
